
Microsoft Visual Studio Solution File, Format Version 12.00
# Visual Studio 14
VisualStudioVersion = 14.0.25420.1
MinimumVisualStudioVersion = 10.0.40219.1
Project("{FAE04EC0-301F-11D3-BF4B-00C04F79EFBC}") = "WindowsFormsApplication1", "WindowsFormsApplication1\WindowsFormsApplication1.csproj", "{CE5C46D8-4115-45B6-A7FA-89F3A949DEFF}"
EndProject
Global
	GlobalSection(SolutionConfigurationPlatforms) = preSolution
		Debug|Any CPU = Debug|Any CPU
		Release|Any CPU = Release|Any CPU
	EndGlobalSection
	GlobalSection(ProjectConfigurationPlatforms) = postSolution
		{CE5C46D8-4115-45B6-A7FA-89F3A949DEFF}.Debug|Any CPU.ActiveCfg = Debug|Any CPU
		{CE5C46D8-4115-45B6-A7FA-89F3A949DEFF}.Debug|Any CPU.Build.0 = Debug|Any CPU
		{CE5C46D8-4115-45B6-A7FA-89F3A949DEFF}.Release|Any CPU.ActiveCfg = Release|Any CPU
		{CE5C46D8-4115-45B6-A7FA-89F3A949DEFF}.Release|Any CPU.Build.0 = Release|Any CPU
	EndGlobalSection
	GlobalSection(SolutionProperties) = preSolution
		HideSolutionNode = FALSE
	EndGlobalSection
EndGlobal
